// !$*UTF8*$!
{
	archiveVersion = 1;
	classes = {
	};
	objectVersion = 55;
	objects = {

/* Begin PBXBuildFile section */
		54B09B1E276A8BE200629A27 /* CSVActivityRecognitionApp.swift in Sources */ = {isa = PBXBuildFile; fileRef = 54B09B1D276A8BE200629A27 /* CSVActivityRecognitionApp.swift */; };
		54B09B20276A8BE200629A27 /* ContentView.swift in Sources */ = {isa = PBXBuildFile; fileRef = 54B09B1F276A8BE200629A27 /* ContentView.swift */; };
		54B09B22276A8BE400629A27 /* Assets.xcassets in Resources */ = {isa = PBXBuildFile; fileRef = 54B09B21276A8BE400629A27 /* Assets.xcassets */; };
		54B09B25276A8BE400629A27 /* Preview Assets.xcassets in Resources */ = {isa = PBXBuildFile; fileRef = 54B09B24276A8BE400629A27 /* Preview Assets.xcassets */; };
		54B09B2D276A8C6000629A27 /* CodableCSV in Frameworks */ = {isa = PBXBuildFile; productRef = 54B09B2C276A8C6000629A27 /* CodableCSV */; };
		54B09B2F276A8C8900629A27 /* README.md in Resources */ = {isa = PBXBuildFile; fileRef = 54B09B2E276A8C8900629A27 /* README.md */; };
		54B09B31276A8E0500629A27 /* CSVDocument.swift in Sources */ = {isa = PBXBuildFile; fileRef = 54B09B30276A8E0500629A27 /* CSVDocument.swift */; };
		54B09B33276A91DB00629A27 /* CSVUtilities.swift in Sources */ = {isa = PBXBuildFile; fileRef = 54B09B32276A91DB00629A27 /* CSVUtilities.swift */; };
		54B09B37276A9AFF00629A27 /* CoreMLSupport.swift in Sources */ = {isa = PBXBuildFile; fileRef = 54B09B36276A9AFF00629A27 /* CoreMLSupport.swift */; };
		54CE91ED27714DDD00CA8DD3 /* UCICreateML.mlmodel in Sources */ = {isa = PBXBuildFile; fileRef = 54CE91EC27714DDD00CA8DD3 /* UCICreateML.mlmodel */; };
/* End PBXBuildFile section */

/* Begin PBXFileReference section */
		54B09B1A276A8BE200629A27 /* CSVActivityRecognition.app */ = {isa = PBXFileReference; explicitFileType = wrapper.application; includeInIndex = 0; path = CSVActivityRecognition.app; sourceTree = BUILT_PRODUCTS_DIR; };
		54B09B1D276A8BE200629A27 /* CSVActivityRecognitionApp.swift */ = {isa = PBXFileReference; lastKnownFileType = sourcecode.swift; path = CSVActivityRecognitionApp.swift; sourceTree = "<group>"; };
		54B09B1F276A8BE200629A27 /* ContentView.swift */ = {isa = PBXFileReference; lastKnownFileType = sourcecode.swift; path = ContentView.swift; sourceTree = "<group>"; };
		54B09B21276A8BE400629A27 /* Assets.xcassets */ = {isa = PBXFileReference; lastKnownFileType = folder.assetcatalog; path = Assets.xcassets; sourceTree = "<group>"; };
		54B09B24276A8BE400629A27 /* Preview Assets.xcassets */ = {isa = PBXFileReference; lastKnownFileType = folder.assetcatalog; path = "Preview Assets.xcassets"; sourceTree = "<group>"; };
		54B09B2E276A8C8900629A27 /* README.md */ = {isa = PBXFileReference; lastKnownFileType = net.daringfireball.markdown; path = README.md; sourceTree = "<group>"; };
		54B09B30276A8E0500629A27 /* CSVDocument.swift */ = {isa = PBXFileReference; lastKnownFileType = sourcecode.swift; path = CSVDocument.swift; sourceTree = "<group>"; };
		54B09B32276A91DB00629A27 /* CSVUtilities.swift */ = {isa = PBXFileReference; lastKnownFileType = sourcecode.swift; path = CSVUtilities.swift; sourceTree = "<group>"; };
		54B09B36276A9AFF00629A27 /* CoreMLSupport.swift */ = {isa = PBXFileReference; lastKnownFileType = sourcecode.swift; path = CoreMLSupport.swift; sourceTree = "<group>"; };
		54CE91EC27714DDD00CA8DD3 /* UCICreateML.mlmodel */ = {isa = PBXFileReference; lastKnownFileType = file.mlmodel; path = UCICreateML.mlmodel; sourceTree = "<group>"; };
/* End PBXFileReference section */

/* Begin PBXFrameworksBuildPhase section */
		54B09B17276A8BE200629A27 /* Frameworks */ = {
			isa = PBXFrameworksBuildPhase;
			buildActionMask = 2147483647;
			files = (
				54B09B2D276A8C6000629A27 /* CodableCSV in Frameworks */,
			);
			runOnlyForDeploymentPostprocessing = 0;
		};
/* End PBXFrameworksBuildPhase section */

/* Begin PBXGroup section */
		54B09B11276A8BE200629A27 = {
			isa = PBXGroup;
			children = (
				54B09B1C276A8BE200629A27 /* CSVActivityRecognition */,
				54B09B1B276A8BE200629A27 /* Products */,
			);
			sourceTree = "<group>";
		};
		54B09B1B276A8BE200629A27 /* Products */ = {
			isa = PBXGroup;
			children = (
				54B09B1A276A8BE200629A27 /* CSVActivityRecognition.app */,
			);
			name = Products;
			sourceTree = "<group>";
		};
		54B09B1C276A8BE200629A27 /* CSVActivityRecognition */ = {
			isa = PBXGroup;
			children = (
				54B09B1D276A8BE200629A27 /* CSVActivityRecognitionApp.swift */,
				54B09B1F276A8BE200629A27 /* ContentView.swift */,
				54B09B32276A91DB00629A27 /* CSVUtilities.swift */,
				54B09B36276A9AFF00629A27 /* CoreMLSupport.swift */,
				54B09B30276A8E0500629A27 /* CSVDocument.swift */,
				54B09B2E276A8C8900629A27 /* README.md */,
				54B09B21276A8BE400629A27 /* Assets.xcassets */,
				54CE91EC27714DDD00CA8DD3 /* UCICreateML.mlmodel */,
				54B09B23276A8BE400629A27 /* Preview Content */,
			);
			path = CSVActivityRecognition;
			sourceTree = "<group>";
		};
		54B09B23276A8BE400629A27 /* Preview Content */ = {
			isa = PBXGroup;
			children = (
				54B09B24276A8BE400629A27 /* Preview Assets.xcassets */,
			);
			path = "Preview Content";
			sourceTree = "<group>";
		};
/* End PBXGroup section */

/* Begin PBXNativeTarget section */
		54B09B19276A8BE200629A27 /* CSVActivityRecognition */ = {
			isa = PBXNativeTarget;
			buildConfigurationList = 54B09B28276A8BE400629A27 /* Build configuration list for PBXNativeTarget "CSVActivityRecognition" */;
			buildPhases = (
				54B09B16276A8BE200629A27 /* Sources */,
				54B09B17276A8BE200629A27 /* Frameworks */,
				54B09B18276A8BE200629A27 /* Resources */,
			);
			buildRules = (
			);
			dependencies = (
			);
			name = CSVActivityRecognition;
			packageProductDependencies = (
				54B09B2C276A8C6000629A27 /* CodableCSV */,
			);
			productName = CSVActivityRecognition;
			productReference = 54B09B1A276A8BE200629A27 /* CSVActivityRecognition.app */;
			productType = "com.apple.product-type.application";
		};
/* End PBXNativeTarget section */

/* Begin PBXProject section */
		54B09B12276A8BE200629A27 /* Project object */ = {
			isa = PBXProject;
			attributes = {
				BuildIndependentTargetsInParallel = 1;
				LastSwiftUpdateCheck = 1310;
				LastUpgradeCheck = 1310;
				TargetAttributes = {
					54B09B19276A8BE200629A27 = {
						CreatedOnToolsVersion = 13.1;
					};
				};
			};
			buildConfigurationList = 54B09B15276A8BE200629A27 /* Build configuration list for PBXProject "CSVActivityRecognition" */;
			compatibilityVersion = "Xcode 13.0";
			developmentRegion = en;
			hasScannedForEncodings = 0;
			knownRegions = (
				en,
				Base,
			);
			mainGroup = 54B09B11276A8BE200629A27;
			packageReferences = (
				54B09B2B276A8C6000629A27 /* XCRemoteSwiftPackageReference "CodableCSV" */,
			);
			productRefGroup = 54B09B1B276A8BE200629A27 /* Products */;
			projectDirPath = "";
			projectRoot = "";
			targets = (
				54B09B19276A8BE200629A27 /* CSVActivityRecognition */,
			);
		};
/* End PBXProject section */

/* Begin PBXResourcesBuildPhase section */
		54B09B18276A8BE200629A27 /* Resources */ = {
			isa = PBXResourcesBuildPhase;
			buildActionMask = 2147483647;
			files = (
				54B09B2F276A8C8900629A27 /* README.md in Resources */,
				54B09B25276A8BE400629A27 /* Preview Assets.xcassets in Resources */,
				54B09B22276A8BE400629A27 /* Assets.xcassets in Resources */,
			);
			runOnlyForDeploymentPostprocessing = 0;
		};
/* End PBXResourcesBuildPhase section */

/* Begin PBXSourcesBuildPhase section */
		54B09B16276A8BE200629A27 /* Sources */ = {
			isa = PBXSourcesBuildPhase;
			buildActionMask = 2147483647;
			files = (
				54B09B20276A8BE200629A27 /* ContentView.swift in Sources */,
				54B09B37276A9AFF00629A27 /* CoreMLSupport.swift in Sources */,
				54B09B33276A91DB00629A27 /* CSVUtilities.swift in Sources */,
				54CE91ED27714DDD00CA8DD3 /* UCICreateML.mlmodel in Sources */,
				54B09B31276A8E0500629A27 /* CSVDocument.swift in Sources */,
				54B09B1E276A8BE200629A27 /* CSVActivityRecognitionApp.swift in Sources */,
			);
			runOnlyForDeploymentPostprocessing = 0;
		};
/* End PBXSourcesBuildPhase section */

/* Begin XCBuildConfiguration section */
		54B09B26276A8BE400629A27 /* Debug */ = {
			isa = XCBuildConfiguration;
			buildSettings = {
				ALWAYS_SEARCH_USER_PATHS = NO;
				CLANG_ANALYZER_NONNULL = YES;
				CLANG_ANALYZER_NUMBER_OBJECT_CONVERSION = YES_AGGRESSIVE;
				CLANG_CXX_LANGUAGE_STANDARD = "gnu++17";
				CLANG_CXX_LIBRARY = "libc++";
				CLANG_ENABLE_MODULES = YES;
				CLANG_ENABLE_OBJC_ARC = YES;
				CLANG_ENABLE_OBJC_WEAK = YES;
				CLANG_WARN_BLOCK_CAPTURE_AUTORELEASING = YES;
				CLANG_WARN_BOOL_CONVERSION = YES;
				CLANG_WARN_COMMA = YES;
				CLANG_WARN_CONSTANT_CONVERSION = YES;
				CLANG_WARN_DEPRECATED_OBJC_IMPLEMENTATIONS = YES;
				CLANG_WARN_DIRECT_OBJC_ISA_USAGE = YES_ERROR;
				CLANG_WARN_DOCUMENTATION_COMMENTS = YES;
				CLANG_WARN_EMPTY_BODY = YES;
				CLANG_WARN_ENUM_CONVERSION = YES;
				CLANG_WARN_INFINITE_RECURSION = YES;
				CLANG_WARN_INT_CONVERSION = YES;
				CLANG_WARN_NON_LITERAL_NULL_CONVERSION = YES;
				CLANG_WARN_OBJC_IMPLICIT_RETAIN_SELF = YES;
				CLANG_WARN_OBJC_LITERAL_CONVERSION = YES;
				CLANG_WARN_OBJC_ROOT_CLASS = YES_ERROR;
				CLANG_WARN_QUOTED_INCLUDE_IN_FRAMEWORK_HEADER = YES;
				CLANG_WARN_RANGE_LOOP_ANALYSIS = YES;
				CLANG_WARN_STRICT_PROTOTYPES = YES;
				CLANG_WARN_SUSPICIOUS_MOVE = YES;
				CLANG_WARN_UNGUARDED_AVAILABILITY = YES_AGGRESSIVE;
				CLANG_WARN_UNREACHABLE_CODE = YES;
				CLANG_WARN__DUPLICATE_METHOD_MATCH = YES;
				COPY_PHASE_STRIP = NO;
				DEBUG_INFORMATION_FORMAT = dwarf;
				ENABLE_STRICT_OBJC_MSGSEND = YES;
				ENABLE_TESTABILITY = YES;
				GCC_C_LANGUAGE_STANDARD = gnu11;
				GCC_DYNAMIC_NO_PIC = NO;
				GCC_NO_COMMON_BLOCKS = YES;
				GCC_OPTIMIZATION_LEVEL = 0;
				GCC_PREPROCESSOR_DEFINITIONS = (
					"DEBUG=1",
					"$(inherited)",
				);
				GCC_WARN_64_TO_32_BIT_CONVERSION = YES;
				GCC_WARN_ABOUT_RETURN_TYPE = YES_ERROR;
				GCC_WARN_UNDECLARED_SELECTOR = YES;
				GCC_WARN_UNINITIALIZED_AUTOS = YES_AGGRESSIVE;
				GCC_WARN_UNUSED_FUNCTION = YES;
				GCC_WARN_UNUSED_VARIABLE = YES;
				IPHONEOS_DEPLOYMENT_TARGET = 15.0;
				MTL_ENABLE_DEBUG_INFO = INCLUDE_SOURCE;
				MTL_FAST_MATH = YES;
				ONLY_ACTIVE_ARCH = YES;
				SDKROOT = iphoneos;
				SWIFT_ACTIVE_COMPILATION_CONDITIONS = DEBUG;
				SWIFT_OPTIMIZATION_LEVEL = "-Onone";
			};
			name = Debug;
		};
		54B09B27276A8BE400629A27 /* Release */ = {
			isa = XCBuildConfiguration;
			buildSettings = {
				ALWAYS_SEARCH_USER_PATHS = NO;
				CLANG_ANALYZER_NONNULL = YES;
				CLANG_ANALYZER_NUMBER_OBJECT_CONVERSION = YES_AGGRESSIVE;
				CLANG_CXX_LANGUAGE_STANDARD = "gnu++17";
				CLANG_CXX_LIBRARY = "libc++";
				CLANG_ENABLE_MODULES = YES;
				CLANG_ENABLE_OBJC_ARC = YES;
				CLANG_ENABLE_OBJC_WEAK = YES;
				CLANG_WARN_BLOCK_CAPTURE_AUTORELEASING = YES;
				CLANG_WARN_BOOL_CONVERSION = YES;
				CLANG_WARN_COMMA = YES;
				CLANG_WARN_CONSTANT_CONVERSION = YES;
				CLANG_WARN_DEPRECATED_OBJC_IMPLEMENTATIONS = YES;
				CLANG_WARN_DIRECT_OBJC_ISA_USAGE = YES_ERROR;
				CLANG_WARN_DOCUMENTATION_COMMENTS = YES;
				CLANG_WARN_EMPTY_BODY = YES;
				CLANG_WARN_ENUM_CONVERSION = YES;
				CLANG_WARN_INFINITE_RECURSION = YES;
				CLANG_WARN_INT_CONVERSION = YES;
				CLANG_WARN_NON_LITERAL_NULL_CONVERSION = YES;
				CLANG_WARN_OBJC_IMPLICIT_RETAIN_SELF = YES;
				CLANG_WARN_OBJC_LITERAL_CONVERSION = YES;
				CLANG_WARN_OBJC_ROOT_CLASS = YES_ERROR;
				CLANG_WARN_QUOTED_INCLUDE_IN_FRAMEWORK_HEADER = YES;
				CLANG_WARN_RANGE_LOOP_ANALYSIS = YES;
				CLANG_WARN_STRICT_PROTOTYPES = YES;
				CLANG_WARN_SUSPICIOUS_MOVE = YES;
				CLANG_WARN_UNGUARDED_AVAILABILITY = YES_AGGRESSIVE;
				CLANG_WARN_UNREACHABLE_CODE = YES;
				CLANG_WARN__DUPLICATE_METHOD_MATCH = YES;
				COPY_PHASE_STRIP = NO;
				DEBUG_INFORMATION_FORMAT = "dwarf-with-dsym";
				ENABLE_NS_ASSERTIONS = NO;
				ENABLE_STRICT_OBJC_MSGSEND = YES;
				GCC_C_LANGUAGE_STANDARD = gnu11;
				GCC_NO_COMMON_BLOCKS = YES;
				GCC_WARN_64_TO_32_BIT_CONVERSION = YES;
				GCC_WARN_ABOUT_RETURN_TYPE = YES_ERROR;
				GCC_WARN_UNDECLARED_SELECTOR = YES;
				GCC_WARN_UNINITIALIZED_AUTOS = YES_AGGRESSIVE;
				GCC_WARN_UNUSED_FUNCTION = YES;
				GCC_WARN_UNUSED_VARIABLE = YES;
				IPHONEOS_DEPLOYMENT_TARGET = 15.0;
				MTL_ENABLE_DEBUG_INFO = NO;
				MTL_FAST_MATH = YES;
				SDKROOT = iphoneos;
				SWIFT_COMPILATION_MODE = wholemodule;
				SWIFT_OPTIMIZATION_LEVEL = "-O";
				VALIDATE_PRODUCT = YES;
			};
			name = Release;
		};
		54B09B29276A8BE400629A27 /* Debug */ = {
			isa = XCBuildConfiguration;
			buildSettings = {
				ASSETCATALOG_COMPILER_APPICON_NAME = AppIcon;
				ASSETCATALOG_COMPILER_GLOBAL_ACCENT_COLOR_NAME = AccentColor;
				CODE_SIGN_STYLE = Automatic;
				CURRENT_PROJECT_VERSION = 1;
				DEVELOPMENT_ASSET_PATHS = "\"CSVActivityRecognition/Preview Content\"";
				DEVELOPMENT_TEAM = 68R8925L9G;
				ENABLE_PREVIEWS = YES;
				GENERATE_INFOPLIST_FILE = YES;
				INFOPLIST_KEY_UIApplicationSceneManifest_Generation = YES;
				INFOPLIST_KEY_UIApplicationSupportsIndirectInputEvents = YES;
				INFOPLIST_KEY_UILaunchScreen_Generation = YES;
				INFOPLIST_KEY_UISupportedInterfaceOrientations_iPad = "UIInterfaceOrientationPortrait UIInterfaceOrientationPortraitUpsideDown UIInterfaceOrientationLandscapeLeft UIInterfaceOrientationLandscapeRight";
				INFOPLIST_KEY_UISupportedInterfaceOrientations_iPhone = "UIInterfaceOrientationPortrait UIInterfaceOrientationLandscapeLeft UIInterfaceOrientationLandscapeRight";
				LD_RUNPATH_SEARCH_PATHS = (
					"$(inherited)",
					"@executable_path/Frameworks",
				);
				MARKETING_VERSION = 1.0;
				PRODUCT_BUNDLE_IDENTIFIER = com.edmtex.CSVActivityRecognition;
				PRODUCT_NAME = "$(TARGET_NAME)";
				SWIFT_EMIT_LOC_STRINGS = YES;
				SWIFT_VERSION = 5.0;
				TARGETED_DEVICE_FAMILY = "1,2";
			};
			name = Debug;
		};
		54B09B2A276A8BE400629A27 /* Release */ = {
			isa = XCBuildConfiguration;
			buildSettings = {
				ASSETCATALOG_COMPILER_APPICON_NAME = AppIcon;
				ASSETCATALOG_COMPILER_GLOBAL_ACCENT_COLOR_NAME = AccentColor;
				CODE_SIGN_STYLE = Automatic;
				CURRENT_PROJECT_VERSION = 1;
				DEVELOPMENT_ASSET_PATHS = "\"CSVActivityRecognition/Preview Content\"";
				DEVELOPMENT_TEAM = 68R8925L9G;
				ENABLE_PREVIEWS = YES;
				GENERATE_INFOPLIST_FILE = YES;
				INFOPLIST_KEY_UIApplicationSceneManifest_Generation = YES;
				INFOPLIST_KEY_UIApplicationSupportsIndirectInputEvents = YES;
				INFOPLIST_KEY_UILaunchScreen_Generation = YES;
				INFOPLIST_KEY_UISupportedInterfaceOrientations_iPad = "UIInterfaceOrientationPortrait UIInterfaceOrientationPortraitUpsideDown UIInterfaceOrientationLandscapeLeft UIInterfaceOrientationLandscapeRight";
				INFOPLIST_KEY_UISupportedInterfaceOrientations_iPhone = "UIInterfaceOrientationPortrait UIInterfaceOrientationLandscapeLeft UIInterfaceOrientationLandscapeRight";
				LD_RUNPATH_SEARCH_PATHS = (
					"$(inherited)",
					"@executable_path/Frameworks",
				);
				MARKETING_VERSION = 1.0;
				PRODUCT_BUNDLE_IDENTIFIER = com.edmtex.CSVActivityRecognition;
				PRODUCT_NAME = "$(TARGET_NAME)";
				SWIFT_EMIT_LOC_STRINGS = YES;
				SWIFT_VERSION = 5.0;
				TARGETED_DEVICE_FAMILY = "1,2";
			};
			name = Release;
		};
/* End XCBuildConfiguration section */

/* Begin XCConfigurationList section */
		54B09B15276A8BE200629A27 /* Build configuration list for PBXProject "CSVActivityRecognition" */ = {
			isa = XCConfigurationList;
			buildConfigurations = (
				54B09B26276A8BE400629A27 /* Debug */,
				54B09B27276A8BE400629A27 /* Release */,
			);
			defaultConfigurationIsVisible = 0;
			defaultConfigurationName = Release;
		};
		54B09B28276A8BE400629A27 /* Build configuration list for PBXNativeTarget "CSVActivityRecognition" */ = {
			isa = XCConfigurationList;
			buildConfigurations = (
				54B09B29276A8BE400629A27 /* Debug */,
				54B09B2A276A8BE400629A27 /* Release */,
			);
			defaultConfigurationIsVisible = 0;
			defaultConfigurationName = Release;
		};
/* End XCConfigurationList section */

/* Begin XCRemoteSwiftPackageReference section */
		54B09B2B276A8C6000629A27 /* XCRemoteSwiftPackageReference "CodableCSV" */ = {
			isa = XCRemoteSwiftPackageReference;
			repositoryURL = "https://github.com/dehesa/CodableCSV";
			requirement = {
				branch = master;
				kind = branch;
			};
		};
/* End XCRemoteSwiftPackageReference section */

/* Begin XCSwiftPackageProductDependency section */
		54B09B2C276A8C6000629A27 /* CodableCSV */ = {
			isa = XCSwiftPackageProductDependency;
			package = 54B09B2B276A8C6000629A27 /* XCRemoteSwiftPackageReference "CodableCSV" */;
			productName = CodableCSV;
		};
/* End XCSwiftPackageProductDependency section */
	};
	rootObject = 54B09B12276A8BE200629A27 /* Project object */;
}
