// !$*UTF8*$!
{
	archiveVersion = 1;
	classes = {
	};
	objectVersion = 55;
	objects = {

/* Begin PBXBuildFile section */
		549414142731E2B1002DA480 /* CMuciharApp.swift in Sources */ = {isa = PBXBuildFile; fileRef = 549414132731E2B1002DA480 /* CMuciharApp.swift */; };
		549414162731E2B1002DA480 /* ContentView.swift in Sources */ = {isa = PBXBuildFile; fileRef = 549414152731E2B1002DA480 /* ContentView.swift */; };
		549414182731E2B4002DA480 /* Assets.xcassets in Resources */ = {isa = PBXBuildFile; fileRef = 549414172731E2B4002DA480 /* Assets.xcassets */; };
		5494141B2731E2B4002DA480 /* Preview Assets.xcassets in Resources */ = {isa = PBXBuildFile; fileRef = 5494141A2731E2B4002DA480 /* Preview Assets.xcassets */; };
		549414242731E4F3002DA480 /* UCIHAClassifier.mlmodel in Sources */ = {isa = PBXBuildFile; fileRef = 549414232731E4F3002DA480 /* UCIHAClassifier.mlmodel */; };
		5494142627345F7A002DA480 /* CMSupport.swift in Sources */ = {isa = PBXBuildFile; fileRef = 5494142527345F7A002DA480 /* CMSupport.swift */; };
		54941428273464EA002DA480 /* CoreMLSupport.swift in Sources */ = {isa = PBXBuildFile; fileRef = 54941427273464EA002DA480 /* CoreMLSupport.swift */; };
/* End PBXBuildFile section */

/* Begin PBXFileReference section */
		549414102731E2B1002DA480 /* CMucihar.app */ = {isa = PBXFileReference; explicitFileType = wrapper.application; includeInIndex = 0; path = CMucihar.app; sourceTree = BUILT_PRODUCTS_DIR; };
		549414132731E2B1002DA480 /* CMuciharApp.swift */ = {isa = PBXFileReference; lastKnownFileType = sourcecode.swift; path = CMuciharApp.swift; sourceTree = "<group>"; };
		549414152731E2B1002DA480 /* ContentView.swift */ = {isa = PBXFileReference; lastKnownFileType = sourcecode.swift; path = ContentView.swift; sourceTree = "<group>"; };
		549414172731E2B4002DA480 /* Assets.xcassets */ = {isa = PBXFileReference; lastKnownFileType = folder.assetcatalog; path = Assets.xcassets; sourceTree = "<group>"; };
		5494141A2731E2B4002DA480 /* Preview Assets.xcassets */ = {isa = PBXFileReference; lastKnownFileType = folder.assetcatalog; path = "Preview Assets.xcassets"; sourceTree = "<group>"; };
		549414232731E4F3002DA480 /* UCIHAClassifier.mlmodel */ = {isa = PBXFileReference; lastKnownFileType = file.mlmodel; path = UCIHAClassifier.mlmodel; sourceTree = "<group>"; };
		5494142527345F7A002DA480 /* CMSupport.swift */ = {isa = PBXFileReference; lastKnownFileType = sourcecode.swift; path = CMSupport.swift; sourceTree = "<group>"; };
		54941427273464EA002DA480 /* CoreMLSupport.swift */ = {isa = PBXFileReference; lastKnownFileType = sourcecode.swift; path = CoreMLSupport.swift; sourceTree = "<group>"; };
/* End PBXFileReference section */

/* Begin PBXFrameworksBuildPhase section */
		5494140D2731E2B1002DA480 /* Frameworks */ = {
			isa = PBXFrameworksBuildPhase;
			buildActionMask = 2147483647;
			files = (
			);
			runOnlyForDeploymentPostprocessing = 0;
		};
/* End PBXFrameworksBuildPhase section */

/* Begin PBXGroup section */
		549414072731E2B1002DA480 = {
			isa = PBXGroup;
			children = (
				549414122731E2B1002DA480 /* CMucihar */,
				549414112731E2B1002DA480 /* Products */,
			);
			sourceTree = "<group>";
		};
		549414112731E2B1002DA480 /* Products */ = {
			isa = PBXGroup;
			children = (
				549414102731E2B1002DA480 /* CMucihar.app */,
			);
			name = Products;
			sourceTree = "<group>";
		};
		549414122731E2B1002DA480 /* CMucihar */ = {
			isa = PBXGroup;
			children = (
				549414132731E2B1002DA480 /* CMuciharApp.swift */,
				549414152731E2B1002DA480 /* ContentView.swift */,
				5494142527345F7A002DA480 /* CMSupport.swift */,
				54941427273464EA002DA480 /* CoreMLSupport.swift */,
				549414172731E2B4002DA480 /* Assets.xcassets */,
				549414232731E4F3002DA480 /* UCIHAClassifier.mlmodel */,
				549414192731E2B4002DA480 /* Preview Content */,
			);
			path = CMucihar;
			sourceTree = "<group>";
		};
		549414192731E2B4002DA480 /* Preview Content */ = {
			isa = PBXGroup;
			children = (
				5494141A2731E2B4002DA480 /* Preview Assets.xcassets */,
			);
			path = "Preview Content";
			sourceTree = "<group>";
		};
/* End PBXGroup section */

/* Begin PBXNativeTarget section */
		5494140F2731E2B1002DA480 /* CMucihar */ = {
			isa = PBXNativeTarget;
			buildConfigurationList = 5494141E2731E2B4002DA480 /* Build configuration list for PBXNativeTarget "CMucihar" */;
			buildPhases = (
				5494140C2731E2B1002DA480 /* Sources */,
				5494140D2731E2B1002DA480 /* Frameworks */,
				5494140E2731E2B1002DA480 /* Resources */,
			);
			buildRules = (
			);
			dependencies = (
			);
			name = CMucihar;
			productName = CMucihar;
			productReference = 549414102731E2B1002DA480 /* CMucihar.app */;
			productType = "com.apple.product-type.application";
		};
/* End PBXNativeTarget section */

/* Begin PBXProject section */
		549414082731E2B1002DA480 /* Project object */ = {
			isa = PBXProject;
			attributes = {
				BuildIndependentTargetsInParallel = 1;
				LastSwiftUpdateCheck = 1310;
				LastUpgradeCheck = 1310;
				TargetAttributes = {
					5494140F2731E2B1002DA480 = {
						CreatedOnToolsVersion = 13.1;
					};
				};
			};
			buildConfigurationList = 5494140B2731E2B1002DA480 /* Build configuration list for PBXProject "CMucihar" */;
			compatibilityVersion = "Xcode 13.0";
			developmentRegion = en;
			hasScannedForEncodings = 0;
			knownRegions = (
				en,
				Base,
			);
			mainGroup = 549414072731E2B1002DA480;
			productRefGroup = 549414112731E2B1002DA480 /* Products */;
			projectDirPath = "";
			projectRoot = "";
			targets = (
				5494140F2731E2B1002DA480 /* CMucihar */,
			);
		};
/* End PBXProject section */

/* Begin PBXResourcesBuildPhase section */
		5494140E2731E2B1002DA480 /* Resources */ = {
			isa = PBXResourcesBuildPhase;
			buildActionMask = 2147483647;
			files = (
				5494141B2731E2B4002DA480 /* Preview Assets.xcassets in Resources */,
				549414182731E2B4002DA480 /* Assets.xcassets in Resources */,
			);
			runOnlyForDeploymentPostprocessing = 0;
		};
/* End PBXResourcesBuildPhase section */

/* Begin PBXSourcesBuildPhase section */
		5494140C2731E2B1002DA480 /* Sources */ = {
			isa = PBXSourcesBuildPhase;
			buildActionMask = 2147483647;
			files = (
				549414162731E2B1002DA480 /* ContentView.swift in Sources */,
				54941428273464EA002DA480 /* CoreMLSupport.swift in Sources */,
				549414242731E4F3002DA480 /* UCIHAClassifier.mlmodel in Sources */,
				549414142731E2B1002DA480 /* CMuciharApp.swift in Sources */,
				5494142627345F7A002DA480 /* CMSupport.swift in Sources */,
			);
			runOnlyForDeploymentPostprocessing = 0;
		};
/* End PBXSourcesBuildPhase section */

/* Begin XCBuildConfiguration section */
		5494141C2731E2B4002DA480 /* Debug */ = {
			isa = XCBuildConfiguration;
			buildSettings = {
				ALWAYS_SEARCH_USER_PATHS = NO;
				CLANG_ANALYZER_NONNULL = YES;
				CLANG_ANALYZER_NUMBER_OBJECT_CONVERSION = YES_AGGRESSIVE;
				CLANG_CXX_LANGUAGE_STANDARD = "gnu++17";
				CLANG_CXX_LIBRARY = "libc++";
				CLANG_ENABLE_MODULES = YES;
				CLANG_ENABLE_OBJC_ARC = YES;
				CLANG_ENABLE_OBJC_WEAK = YES;
				CLANG_WARN_BLOCK_CAPTURE_AUTORELEASING = YES;
				CLANG_WARN_BOOL_CONVERSION = YES;
				CLANG_WARN_COMMA = YES;
				CLANG_WARN_CONSTANT_CONVERSION = YES;
				CLANG_WARN_DEPRECATED_OBJC_IMPLEMENTATIONS = YES;
				CLANG_WARN_DIRECT_OBJC_ISA_USAGE = YES_ERROR;
				CLANG_WARN_DOCUMENTATION_COMMENTS = YES;
				CLANG_WARN_EMPTY_BODY = YES;
				CLANG_WARN_ENUM_CONVERSION = YES;
				CLANG_WARN_INFINITE_RECURSION = YES;
				CLANG_WARN_INT_CONVERSION = YES;
				CLANG_WARN_NON_LITERAL_NULL_CONVERSION = YES;
				CLANG_WARN_OBJC_IMPLICIT_RETAIN_SELF = YES;
				CLANG_WARN_OBJC_LITERAL_CONVERSION = YES;
				CLANG_WARN_OBJC_ROOT_CLASS = YES_ERROR;
				CLANG_WARN_QUOTED_INCLUDE_IN_FRAMEWORK_HEADER = YES;
				CLANG_WARN_RANGE_LOOP_ANALYSIS = YES;
				CLANG_WARN_STRICT_PROTOTYPES = YES;
				CLANG_WARN_SUSPICIOUS_MOVE = YES;
				CLANG_WARN_UNGUARDED_AVAILABILITY = YES_AGGRESSIVE;
				CLANG_WARN_UNREACHABLE_CODE = YES;
				CLANG_WARN__DUPLICATE_METHOD_MATCH = YES;
				COPY_PHASE_STRIP = NO;
				DEBUG_INFORMATION_FORMAT = dwarf;
				ENABLE_STRICT_OBJC_MSGSEND = YES;
				ENABLE_TESTABILITY = YES;
				GCC_C_LANGUAGE_STANDARD = gnu11;
				GCC_DYNAMIC_NO_PIC = NO;
				GCC_NO_COMMON_BLOCKS = YES;
				GCC_OPTIMIZATION_LEVEL = 0;
				GCC_PREPROCESSOR_DEFINITIONS = (
					"DEBUG=1",
					"$(inherited)",
				);
				GCC_WARN_64_TO_32_BIT_CONVERSION = YES;
				GCC_WARN_ABOUT_RETURN_TYPE = YES_ERROR;
				GCC_WARN_UNDECLARED_SELECTOR = YES;
				GCC_WARN_UNINITIALIZED_AUTOS = YES_AGGRESSIVE;
				GCC_WARN_UNUSED_FUNCTION = YES;
				GCC_WARN_UNUSED_VARIABLE = YES;
				IPHONEOS_DEPLOYMENT_TARGET = 15.0;
				MTL_ENABLE_DEBUG_INFO = INCLUDE_SOURCE;
				MTL_FAST_MATH = YES;
				ONLY_ACTIVE_ARCH = YES;
				SDKROOT = iphoneos;
				SWIFT_ACTIVE_COMPILATION_CONDITIONS = DEBUG;
				SWIFT_OPTIMIZATION_LEVEL = "-Onone";
			};
			name = Debug;
		};
		5494141D2731E2B4002DA480 /* Release */ = {
			isa = XCBuildConfiguration;
			buildSettings = {
				ALWAYS_SEARCH_USER_PATHS = NO;
				CLANG_ANALYZER_NONNULL = YES;
				CLANG_ANALYZER_NUMBER_OBJECT_CONVERSION = YES_AGGRESSIVE;
				CLANG_CXX_LANGUAGE_STANDARD = "gnu++17";
				CLANG_CXX_LIBRARY = "libc++";
				CLANG_ENABLE_MODULES = YES;
				CLANG_ENABLE_OBJC_ARC = YES;
				CLANG_ENABLE_OBJC_WEAK = YES;
				CLANG_WARN_BLOCK_CAPTURE_AUTORELEASING = YES;
				CLANG_WARN_BOOL_CONVERSION = YES;
				CLANG_WARN_COMMA = YES;
				CLANG_WARN_CONSTANT_CONVERSION = YES;
				CLANG_WARN_DEPRECATED_OBJC_IMPLEMENTATIONS = YES;
				CLANG_WARN_DIRECT_OBJC_ISA_USAGE = YES_ERROR;
				CLANG_WARN_DOCUMENTATION_COMMENTS = YES;
				CLANG_WARN_EMPTY_BODY = YES;
				CLANG_WARN_ENUM_CONVERSION = YES;
				CLANG_WARN_INFINITE_RECURSION = YES;
				CLANG_WARN_INT_CONVERSION = YES;
				CLANG_WARN_NON_LITERAL_NULL_CONVERSION = YES;
				CLANG_WARN_OBJC_IMPLICIT_RETAIN_SELF = YES;
				CLANG_WARN_OBJC_LITERAL_CONVERSION = YES;
				CLANG_WARN_OBJC_ROOT_CLASS = YES_ERROR;
				CLANG_WARN_QUOTED_INCLUDE_IN_FRAMEWORK_HEADER = YES;
				CLANG_WARN_RANGE_LOOP_ANALYSIS = YES;
				CLANG_WARN_STRICT_PROTOTYPES = YES;
				CLANG_WARN_SUSPICIOUS_MOVE = YES;
				CLANG_WARN_UNGUARDED_AVAILABILITY = YES_AGGRESSIVE;
				CLANG_WARN_UNREACHABLE_CODE = YES;
				CLANG_WARN__DUPLICATE_METHOD_MATCH = YES;
				COPY_PHASE_STRIP = NO;
				DEBUG_INFORMATION_FORMAT = "dwarf-with-dsym";
				ENABLE_NS_ASSERTIONS = NO;
				ENABLE_STRICT_OBJC_MSGSEND = YES;
				GCC_C_LANGUAGE_STANDARD = gnu11;
				GCC_NO_COMMON_BLOCKS = YES;
				GCC_WARN_64_TO_32_BIT_CONVERSION = YES;
				GCC_WARN_ABOUT_RETURN_TYPE = YES_ERROR;
				GCC_WARN_UNDECLARED_SELECTOR = YES;
				GCC_WARN_UNINITIALIZED_AUTOS = YES_AGGRESSIVE;
				GCC_WARN_UNUSED_FUNCTION = YES;
				GCC_WARN_UNUSED_VARIABLE = YES;
				IPHONEOS_DEPLOYMENT_TARGET = 15.0;
				MTL_ENABLE_DEBUG_INFO = NO;
				MTL_FAST_MATH = YES;
				SDKROOT = iphoneos;
				SWIFT_COMPILATION_MODE = wholemodule;
				SWIFT_OPTIMIZATION_LEVEL = "-O";
				VALIDATE_PRODUCT = YES;
			};
			name = Release;
		};
		5494141F2731E2B4002DA480 /* Debug */ = {
			isa = XCBuildConfiguration;
			buildSettings = {
				ASSETCATALOG_COMPILER_APPICON_NAME = AppIcon;
				ASSETCATALOG_COMPILER_GLOBAL_ACCENT_COLOR_NAME = AccentColor;
				CODE_SIGN_STYLE = Automatic;
				CURRENT_PROJECT_VERSION = 1;
				DEVELOPMENT_ASSET_PATHS = "\"CMucihar/Preview Content\"";
				DEVELOPMENT_TEAM = 68R8925L9G;
				ENABLE_PREVIEWS = YES;
				GENERATE_INFOPLIST_FILE = YES;
				INFOPLIST_KEY_UIApplicationSceneManifest_Generation = YES;
				INFOPLIST_KEY_UIApplicationSupportsIndirectInputEvents = YES;
				INFOPLIST_KEY_UILaunchScreen_Generation = YES;
				INFOPLIST_KEY_UISupportedInterfaceOrientations_iPad = "UIInterfaceOrientationPortrait UIInterfaceOrientationPortraitUpsideDown UIInterfaceOrientationLandscapeLeft UIInterfaceOrientationLandscapeRight";
				INFOPLIST_KEY_UISupportedInterfaceOrientations_iPhone = "UIInterfaceOrientationPortrait UIInterfaceOrientationLandscapeLeft UIInterfaceOrientationLandscapeRight";
				LD_RUNPATH_SEARCH_PATHS = (
					"$(inherited)",
					"@executable_path/Frameworks",
				);
				MARKETING_VERSION = 1.0;
				PRODUCT_BUNDLE_IDENTIFIER = com.edmtex.CMucihar;
				PRODUCT_NAME = "$(TARGET_NAME)";
				SWIFT_EMIT_LOC_STRINGS = YES;
				SWIFT_VERSION = 5.0;
				TARGETED_DEVICE_FAMILY = "1,2";
			};
			name = Debug;
		};
		549414202731E2B4002DA480 /* Release */ = {
			isa = XCBuildConfiguration;
			buildSettings = {
				ASSETCATALOG_COMPILER_APPICON_NAME = AppIcon;
				ASSETCATALOG_COMPILER_GLOBAL_ACCENT_COLOR_NAME = AccentColor;
				CODE_SIGN_STYLE = Automatic;
				CURRENT_PROJECT_VERSION = 1;
				DEVELOPMENT_ASSET_PATHS = "\"CMucihar/Preview Content\"";
				DEVELOPMENT_TEAM = 68R8925L9G;
				ENABLE_PREVIEWS = YES;
				GENERATE_INFOPLIST_FILE = YES;
				INFOPLIST_KEY_UIApplicationSceneManifest_Generation = YES;
				INFOPLIST_KEY_UIApplicationSupportsIndirectInputEvents = YES;
				INFOPLIST_KEY_UILaunchScreen_Generation = YES;
				INFOPLIST_KEY_UISupportedInterfaceOrientations_iPad = "UIInterfaceOrientationPortrait UIInterfaceOrientationPortraitUpsideDown UIInterfaceOrientationLandscapeLeft UIInterfaceOrientationLandscapeRight";
				INFOPLIST_KEY_UISupportedInterfaceOrientations_iPhone = "UIInterfaceOrientationPortrait UIInterfaceOrientationLandscapeLeft UIInterfaceOrientationLandscapeRight";
				LD_RUNPATH_SEARCH_PATHS = (
					"$(inherited)",
					"@executable_path/Frameworks",
				);
				MARKETING_VERSION = 1.0;
				PRODUCT_BUNDLE_IDENTIFIER = com.edmtex.CMucihar;
				PRODUCT_NAME = "$(TARGET_NAME)";
				SWIFT_EMIT_LOC_STRINGS = YES;
				SWIFT_VERSION = 5.0;
				TARGETED_DEVICE_FAMILY = "1,2";
			};
			name = Release;
		};
/* End XCBuildConfiguration section */

/* Begin XCConfigurationList section */
		5494140B2731E2B1002DA480 /* Build configuration list for PBXProject "CMucihar" */ = {
			isa = XCConfigurationList;
			buildConfigurations = (
				5494141C2731E2B4002DA480 /* Debug */,
				5494141D2731E2B4002DA480 /* Release */,
			);
			defaultConfigurationIsVisible = 0;
			defaultConfigurationName = Release;
		};
		5494141E2731E2B4002DA480 /* Build configuration list for PBXNativeTarget "CMucihar" */ = {
			isa = XCConfigurationList;
			buildConfigurations = (
				5494141F2731E2B4002DA480 /* Debug */,
				549414202731E2B4002DA480 /* Release */,
			);
			defaultConfigurationIsVisible = 0;
			defaultConfigurationName = Release;
		};
/* End XCConfigurationList section */
	};
	rootObject = 549414082731E2B1002DA480 /* Project object */;
}
